{
  "requires": true,
  "lockfileVersion": 1,
  "dependencies": {
    "zeppelin-solidity": {
      "version": "1.12.0",
      "resolved": "https://registry.npmjs.org/zeppelin-solidity/-/zeppelin-solidity-1.12.0.tgz",
      "integrity": "sha512-dgjPPnTmx14hAbTeOpTKemDeDCDdwglS0nquOAJG8h5o9zlb43FZafQSrMlIUUSp1EisDZfehrp5loGEYXHZBA=="
    }
  }
}
